
Microsoft Visual Studio Solution File, Format Version 12.00
# Visual Studio Version 17
VisualStudioVersion = 17.9.34622.214
MinimumVisualStudioVersion = 10.0.40219.1
Project("{FAE04EC0-301F-11D3-BF4B-00C04F79EFBC}") = "NGPaySlip", "NGPaySlip\NGPaySlip.csproj", "{779FCE67-5C7C-4C87-B9D7-D98B84229340}"
EndProject
Global
	GlobalSection(SolutionConfigurationPlatforms) = preSolution
		Debug|Any CPU = Debug|Any CPU
		Release|Any CPU = Release|Any CPU
	EndGlobalSection
	GlobalSection(ProjectConfigurationPlatforms) = postSolution
		{779FCE67-5C7C-4C87-B9D7-D98B84229340}.Debug|Any CPU.ActiveCfg = Debug|Any CPU
		{779FCE67-5C7C-4C87-B9D7-D98B84229340}.Debug|Any CPU.Build.0 = Debug|Any CPU
		{779FCE67-5C7C-4C87-B9D7-D98B84229340}.Release|Any CPU.ActiveCfg = Release|Any CPU
		{779FCE67-5C7C-4C87-B9D7-D98B84229340}.Release|Any CPU.Build.0 = Release|Any CPU
	EndGlobalSection
	GlobalSection(SolutionProperties) = preSolution
		HideSolutionNode = FALSE
	EndGlobalSection
	GlobalSection(ExtensibilityGlobals) = postSolution
		SolutionGuid = {C0D1F1F4-43DE-46F3-B764-6FB93E5A46D6}
	EndGlobalSection
EndGlobal
